
Microsoft Visual Studio Solution File, Format Version 12.00
# Visual Studio 15
VisualStudioVersion = 15.0.28307.329
MinimumVisualStudioVersion = 10.0.40219.1
Project("{FAE04EC0-301F-11D3-BF4B-00C04F79EFBC}") = "TypesImpression", "TypesImpression\TypesImpression.csproj", "{08BC4D5D-DE01-4539-9C35-FA20426A7658}"
EndProject
Global
	GlobalSection(SolutionConfigurationPlatforms) = preSolution
		Debug|Any CPU = Debug|Any CPU
		Release|Any CPU = Release|Any CPU
	EndGlobalSection
	GlobalSection(ProjectConfigurationPlatforms) = postSolution
		{08BC4D5D-DE01-4539-9C35-FA20426A7658}.Debug|Any CPU.ActiveCfg = Debug|Any CPU
		{08BC4D5D-DE01-4539-9C35-FA20426A7658}.Debug|Any CPU.Build.0 = Debug|Any CPU
		{08BC4D5D-DE01-4539-9C35-FA20426A7658}.Release|Any CPU.ActiveCfg = Release|Any CPU
		{08BC4D5D-DE01-4539-9C35-FA20426A7658}.Release|Any CPU.Build.0 = Release|Any CPU
	EndGlobalSection
	GlobalSection(SolutionProperties) = preSolution
		HideSolutionNode = FALSE
	EndGlobalSection
	GlobalSection(ExtensibilityGlobals) = postSolution
		SolutionGuid = {1D5D51C4-E9C0-4AFB-B383-73E4B12CE5A7}
	EndGlobalSection
EndGlobal
